
Microsoft Visual Studio Solution File, Format Version 12.00
# Visual Studio Version 17
VisualStudioVersion = 17.8.34316.72
MinimumVisualStudioVersion = 10.0.40219.1
Project("{FAE04EC0-301F-11D3-BF4B-00C04F79EFBC}") = "Lesson_07_12_23", "Lesson_07_12_23\Lesson_07_12_23.csproj", "{FA7E48E4-5FC5-4F97-BCAC-0933E22FD68E}"
EndProject
Global
	GlobalSection(SolutionConfigurationPlatforms) = preSolution
		Debug|Any CPU = Debug|Any CPU
		Release|Any CPU = Release|Any CPU
	EndGlobalSection
	GlobalSection(ProjectConfigurationPlatforms) = postSolution
		{FA7E48E4-5FC5-4F97-BCAC-0933E22FD68E}.Debug|Any CPU.ActiveCfg = Debug|Any CPU
		{FA7E48E4-5FC5-4F97-BCAC-0933E22FD68E}.Debug|Any CPU.Build.0 = Debug|Any CPU
		{FA7E48E4-5FC5-4F97-BCAC-0933E22FD68E}.Release|Any CPU.ActiveCfg = Release|Any CPU
		{FA7E48E4-5FC5-4F97-BCAC-0933E22FD68E}.Release|Any CPU.Build.0 = Release|Any CPU
	EndGlobalSection
	GlobalSection(SolutionProperties) = preSolution
		HideSolutionNode = FALSE
	EndGlobalSection
	GlobalSection(ExtensibilityGlobals) = postSolution
		SolutionGuid = {D91BE335-8DBF-4FA3-8C29-DE145A46D10C}
	EndGlobalSection
EndGlobal
